
Microsoft Visual Studio Solution File, Format Version 12.00
# Visual Studio Version 17
VisualStudioVersion = 17.7.33920.267
MinimumVisualStudioVersion = 10.0.40219.1
Project("{9A19103F-16F7-4668-BE54-9A1E7A4F7556}") = "WinForm Database", "WinForm Database\WinForm Database.csproj", "{480B1D79-ED16-489F-B18E-9C49C9ACFD39}"
EndProject
Project("{9A19103F-16F7-4668-BE54-9A1E7A4F7556}") = "EFCore_DBLibrary", "EFCore_DBLibrary\EFCore_DBLibrary.csproj", "{60E0817B-0D9B-429E-A809-7F5C0A08BF6F}"
EndProject
Project("{9A19103F-16F7-4668-BE54-9A1E7A4F7556}") = "EFCore_DBModels", "EFCore_DBModels\EFCore_DBModels.csproj", "{1BAC4453-66CA-44D6-9522-709E967087FA}"
EndProject
Project("{9A19103F-16F7-4668-BE54-9A1E7A4F7556}") = "ShowCaseViewModel", "ShowCaseViewModel\ShowCaseViewModel.csproj", "{59ED6E3C-9A1B-4E56-83EE-AE431F613895}"
EndProject
Project("{9A19103F-16F7-4668-BE54-9A1E7A4F7556}") = "ShowCaseModel", "ShowCaseModel\ShowCaseModel.csproj", "{5D23A7B8-6C16-46BB-BF3D-772AEDC13258}"
EndProject
Project("{FAE04EC0-301F-11D3-BF4B-00C04F79EFBC}") = "ShowCaseModelUnitTests", "ShowCaseModelUnitTests\ShowCaseModelUnitTests.csproj", "{48164488-0761-4B13-8A07-173CF9790FC1}"
EndProject
Global
	GlobalSection(SolutionConfigurationPlatforms) = preSolution
		Debug|Any CPU = Debug|Any CPU
		Release|Any CPU = Release|Any CPU
	EndGlobalSection
	GlobalSection(ProjectConfigurationPlatforms) = postSolution
		{480B1D79-ED16-489F-B18E-9C49C9ACFD39}.Debug|Any CPU.ActiveCfg = Debug|Any CPU
		{480B1D79-ED16-489F-B18E-9C49C9ACFD39}.Debug|Any CPU.Build.0 = Debug|Any CPU
		{480B1D79-ED16-489F-B18E-9C49C9ACFD39}.Release|Any CPU.ActiveCfg = Release|Any CPU
		{480B1D79-ED16-489F-B18E-9C49C9ACFD39}.Release|Any CPU.Build.0 = Release|Any CPU
		{60E0817B-0D9B-429E-A809-7F5C0A08BF6F}.Debug|Any CPU.ActiveCfg = Debug|Any CPU
		{60E0817B-0D9B-429E-A809-7F5C0A08BF6F}.Debug|Any CPU.Build.0 = Debug|Any CPU
		{60E0817B-0D9B-429E-A809-7F5C0A08BF6F}.Release|Any CPU.ActiveCfg = Release|Any CPU
		{60E0817B-0D9B-429E-A809-7F5C0A08BF6F}.Release|Any CPU.Build.0 = Release|Any CPU
		{1BAC4453-66CA-44D6-9522-709E967087FA}.Debug|Any CPU.ActiveCfg = Debug|Any CPU
		{1BAC4453-66CA-44D6-9522-709E967087FA}.Debug|Any CPU.Build.0 = Debug|Any CPU
		{1BAC4453-66CA-44D6-9522-709E967087FA}.Release|Any CPU.ActiveCfg = Release|Any CPU
		{1BAC4453-66CA-44D6-9522-709E967087FA}.Release|Any CPU.Build.0 = Release|Any CPU
		{59ED6E3C-9A1B-4E56-83EE-AE431F613895}.Debug|Any CPU.ActiveCfg = Debug|Any CPU
		{59ED6E3C-9A1B-4E56-83EE-AE431F613895}.Debug|Any CPU.Build.0 = Debug|Any CPU
		{59ED6E3C-9A1B-4E56-83EE-AE431F613895}.Release|Any CPU.ActiveCfg = Release|Any CPU
		{59ED6E3C-9A1B-4E56-83EE-AE431F613895}.Release|Any CPU.Build.0 = Release|Any CPU
		{5D23A7B8-6C16-46BB-BF3D-772AEDC13258}.Debug|Any CPU.ActiveCfg = Debug|Any CPU
		{5D23A7B8-6C16-46BB-BF3D-772AEDC13258}.Debug|Any CPU.Build.0 = Debug|Any CPU
		{5D23A7B8-6C16-46BB-BF3D-772AEDC13258}.Release|Any CPU.ActiveCfg = Release|Any CPU
		{5D23A7B8-6C16-46BB-BF3D-772AEDC13258}.Release|Any CPU.Build.0 = Release|Any CPU
		{48164488-0761-4B13-8A07-173CF9790FC1}.Debug|Any CPU.ActiveCfg = Debug|Any CPU
		{48164488-0761-4B13-8A07-173CF9790FC1}.Debug|Any CPU.Build.0 = Debug|Any CPU
		{48164488-0761-4B13-8A07-173CF9790FC1}.Release|Any CPU.ActiveCfg = Release|Any CPU
		{48164488-0761-4B13-8A07-173CF9790FC1}.Release|Any CPU.Build.0 = Release|Any CPU
	EndGlobalSection
	GlobalSection(SolutionProperties) = preSolution
		HideSolutionNode = FALSE
	EndGlobalSection
	GlobalSection(ExtensibilityGlobals) = postSolution
		SolutionGuid = {3642BE7D-021E-4B92-A359-8CAE5C071782}
	EndGlobalSection
EndGlobal
